// !$*UTF8*$!
{
	archiveVersion = 1;
	classes = {
	};
	objectVersion = 46;
	objects = {

/* Begin PBXBuildFile section */
		803420151ACC7AF4004DCFFB /* wtime.c in Sources */ = {isa = PBXBuildFile; fileRef = 803420141ACC7AF4004DCFFB /* wtime.c */; };
		803420171ACC7B4A004DCFFB /* OpenCL.framework in Frameworks */ = {isa = PBXBuildFile; fileRef = 803420161ACC7B4A004DCFFB /* OpenCL.framework */; };
		803420481ACD9E63004DCFFB /* matmul.cpp in Sources */ = {isa = PBXBuildFile; fileRef = 803420401ACD9E63004DCFFB /* matmul.cpp */; };
		803420491ACD9E63004DCFFB /* matrix_lib.cpp in Sources */ = {isa = PBXBuildFile; fileRef = 803420421ACD9E63004DCFFB /* matrix_lib.cpp */; };
		8034204A1ACD9E63004DCFFB /* mmult0.cl in Sources */ = {isa = PBXBuildFile; fileRef = 803420441ACD9E63004DCFFB /* mmult0.cl */; };
		8034204B1ACD9E63004DCFFB /* mmult1.cl in Sources */ = {isa = PBXBuildFile; fileRef = 803420451ACD9E63004DCFFB /* mmult1.cl */; };
		8034204C1ACD9E63004DCFFB /* mmult2.cl in Sources */ = {isa = PBXBuildFile; fileRef = 803420461ACD9E63004DCFFB /* mmult2.cl */; };
		8034204D1ACD9E63004DCFFB /* mmult3.cl in Sources */ = {isa = PBXBuildFile; fileRef = 803420471ACD9E63004DCFFB /* mmult3.cl */; };
		8034204F1ACDA0AF004DCFFB /* mmult4.cl in Sources */ = {isa = PBXBuildFile; fileRef = 8034204E1ACDA0AF004DCFFB /* mmult4.cl */; };
/* End PBXBuildFile section */

/* Begin PBXCopyFilesBuildPhase section */
		80341FF81ACC7639004DCFFB /* CopyFiles */ = {
			isa = PBXCopyFilesBuildPhase;
			buildActionMask = 2147483647;
			dstPath = /usr/share/man/man1/;
			dstSubfolderSpec = 0;
			files = (
			);
			runOnlyForDeploymentPostprocessing = 1;
		};
/* End PBXCopyFilesBuildPhase section */

/* Begin PBXFileReference section */
		80341FFA1ACC7639004DCFFB /* OpenCLTutorial */ = {isa = PBXFileReference; explicitFileType = "compiled.mach-o.executable"; includeInIndex = 0; path = OpenCLTutorial; sourceTree = BUILT_PRODUCTS_DIR; };
		803420101ACC7AF4004DCFFB /* cl.hpp */ = {isa = PBXFileReference; fileEncoding = 4; lastKnownFileType = sourcecode.cpp.h; path = cl.hpp; sourceTree = "<group>"; };
		803420111ACC7AF4004DCFFB /* device_picker.hpp */ = {isa = PBXFileReference; fileEncoding = 4; lastKnownFileType = sourcecode.cpp.h; path = device_picker.hpp; sourceTree = "<group>"; };
		803420121ACC7AF4004DCFFB /* err_code.h */ = {isa = PBXFileReference; fileEncoding = 4; lastKnownFileType = sourcecode.c.h; path = err_code.h; sourceTree = "<group>"; };
		803420131ACC7AF4004DCFFB /* util.hpp */ = {isa = PBXFileReference; fileEncoding = 4; lastKnownFileType = sourcecode.cpp.h; path = util.hpp; sourceTree = "<group>"; };
		803420141ACC7AF4004DCFFB /* wtime.c */ = {isa = PBXFileReference; fileEncoding = 4; lastKnownFileType = sourcecode.c.c; path = wtime.c; sourceTree = "<group>"; };
		803420161ACC7B4A004DCFFB /* OpenCL.framework */ = {isa = PBXFileReference; lastKnownFileType = wrapper.framework; name = OpenCL.framework; path = System/Library/Frameworks/OpenCL.framework; sourceTree = SDKROOT; };
		803420401ACD9E63004DCFFB /* matmul.cpp */ = {isa = PBXFileReference; fileEncoding = 4; lastKnownFileType = sourcecode.cpp.cpp; path = matmul.cpp; sourceTree = "<group>"; };
		803420411ACD9E63004DCFFB /* matmul.hpp */ = {isa = PBXFileReference; fileEncoding = 4; lastKnownFileType = sourcecode.cpp.h; path = matmul.hpp; sourceTree = "<group>"; };
		803420421ACD9E63004DCFFB /* matrix_lib.cpp */ = {isa = PBXFileReference; fileEncoding = 4; lastKnownFileType = sourcecode.cpp.cpp; path = matrix_lib.cpp; sourceTree = "<group>"; };
		803420431ACD9E63004DCFFB /* matrix_lib.hpp */ = {isa = PBXFileReference; fileEncoding = 4; lastKnownFileType = sourcecode.cpp.h; path = matrix_lib.hpp; sourceTree = "<group>"; };
		803420441ACD9E63004DCFFB /* mmult0.cl */ = {isa = PBXFileReference; fileEncoding = 4; lastKnownFileType = sourcecode.opencl; path = mmult0.cl; sourceTree = "<group>"; };
		803420451ACD9E63004DCFFB /* mmult1.cl */ = {isa = PBXFileReference; fileEncoding = 4; lastKnownFileType = sourcecode.opencl; path = mmult1.cl; sourceTree = "<group>"; };
		803420461ACD9E63004DCFFB /* mmult2.cl */ = {isa = PBXFileReference; fileEncoding = 4; lastKnownFileType = sourcecode.opencl; path = mmult2.cl; sourceTree = "<group>"; };
		803420471ACD9E63004DCFFB /* mmult3.cl */ = {isa = PBXFileReference; fileEncoding = 4; lastKnownFileType = sourcecode.opencl; path = mmult3.cl; sourceTree = "<group>"; };
		8034204E1ACDA0AF004DCFFB /* mmult4.cl */ = {isa = PBXFileReference; fileEncoding = 4; lastKnownFileType = sourcecode.opencl; path = mmult4.cl; sourceTree = "<group>"; };
/* End PBXFileReference section */

/* Begin PBXFrameworksBuildPhase section */
		80341FF71ACC7639004DCFFB /* Frameworks */ = {
			isa = PBXFrameworksBuildPhase;
			buildActionMask = 2147483647;
			files = (
				803420171ACC7B4A004DCFFB /* OpenCL.framework in Frameworks */,
			);
			runOnlyForDeploymentPostprocessing = 0;
		};
/* End PBXFrameworksBuildPhase section */

/* Begin PBXGroup section */
		80341FF11ACC7639004DCFFB = {
			isa = PBXGroup;
			children = (
				803420161ACC7B4A004DCFFB /* OpenCL.framework */,
				80341FFC1ACC7639004DCFFB /* OpenCLTutorial */,
				80341FFB1ACC7639004DCFFB /* Products */,
			);
			sourceTree = "<group>";
		};
		80341FFB1ACC7639004DCFFB /* Products */ = {
			isa = PBXGroup;
			children = (
				80341FFA1ACC7639004DCFFB /* OpenCLTutorial */,
			);
			name = Products;
			sourceTree = "<group>";
		};
		80341FFC1ACC7639004DCFFB /* OpenCLTutorial */ = {
			isa = PBXGroup;
			children = (
				8034200F1ACC7AF4004DCFFB /* OpenCLH */,
				803420401ACD9E63004DCFFB /* matmul.cpp */,
				803420411ACD9E63004DCFFB /* matmul.hpp */,
				803420421ACD9E63004DCFFB /* matrix_lib.cpp */,
				803420431ACD9E63004DCFFB /* matrix_lib.hpp */,
				803420441ACD9E63004DCFFB /* mmult0.cl */,
				803420451ACD9E63004DCFFB /* mmult1.cl */,
				803420461ACD9E63004DCFFB /* mmult2.cl */,
				803420471ACD9E63004DCFFB /* mmult3.cl */,
				8034204E1ACDA0AF004DCFFB /* mmult4.cl */,
			);
			path = OpenCLTutorial;
			sourceTree = "<group>";
		};
		8034200F1ACC7AF4004DCFFB /* OpenCLH */ = {
			isa = PBXGroup;
			children = (
				803420101ACC7AF4004DCFFB /* cl.hpp */,
				803420111ACC7AF4004DCFFB /* device_picker.hpp */,
				803420121ACC7AF4004DCFFB /* err_code.h */,
				803420131ACC7AF4004DCFFB /* util.hpp */,
				803420141ACC7AF4004DCFFB /* wtime.c */,
			);
			path = OpenCLH;
			sourceTree = "<group>";
		};
/* End PBXGroup section */

/* Begin PBXNativeTarget section */
		80341FF91ACC7639004DCFFB /* OpenCLTutorial */ = {
			isa = PBXNativeTarget;
			buildConfigurationList = 803420011ACC7639004DCFFB /* Build configuration list for PBXNativeTarget "OpenCLTutorial" */;
			buildPhases = (
				80341FF61ACC7639004DCFFB /* Sources */,
				80341FF71ACC7639004DCFFB /* Frameworks */,
				80341FF81ACC7639004DCFFB /* CopyFiles */,
			);
			buildRules = (
			);
			dependencies = (
			);
			name = OpenCLTutorial;
			productName = OpenCLTutorial;
			productReference = 80341FFA1ACC7639004DCFFB /* OpenCLTutorial */;
			productType = "com.apple.product-type.tool";
		};
/* End PBXNativeTarget section */

/* Begin PBXProject section */
		80341FF21ACC7639004DCFFB /* Project object */ = {
			isa = PBXProject;
			attributes = {
				LastUpgradeCheck = 0600;
				ORGANIZATIONNAME = "Thomas Hubert";
				TargetAttributes = {
					80341FF91ACC7639004DCFFB = {
						CreatedOnToolsVersion = 6.0.1;
					};
				};
			};
			buildConfigurationList = 80341FF51ACC7639004DCFFB /* Build configuration list for PBXProject "OpenCLTutorial" */;
			compatibilityVersion = "Xcode 3.2";
			developmentRegion = English;
			hasScannedForEncodings = 0;
			knownRegions = (
				en,
			);
			mainGroup = 80341FF11ACC7639004DCFFB;
			productRefGroup = 80341FFB1ACC7639004DCFFB /* Products */;
			projectDirPath = "";
			projectRoot = "";
			targets = (
				80341FF91ACC7639004DCFFB /* OpenCLTutorial */,
			);
		};
/* End PBXProject section */

/* Begin PBXSourcesBuildPhase section */
		80341FF61ACC7639004DCFFB /* Sources */ = {
			isa = PBXSourcesBuildPhase;
			buildActionMask = 2147483647;
			files = (
				8034204D1ACD9E63004DCFFB /* mmult3.cl in Sources */,
				8034204F1ACDA0AF004DCFFB /* mmult4.cl in Sources */,
				8034204B1ACD9E63004DCFFB /* mmult1.cl in Sources */,
				803420491ACD9E63004DCFFB /* matrix_lib.cpp in Sources */,
				8034204A1ACD9E63004DCFFB /* mmult0.cl in Sources */,
				803420151ACC7AF4004DCFFB /* wtime.c in Sources */,
				803420481ACD9E63004DCFFB /* matmul.cpp in Sources */,
				8034204C1ACD9E63004DCFFB /* mmult2.cl in Sources */,
			);
			runOnlyForDeploymentPostprocessing = 0;
		};
/* End PBXSourcesBuildPhase section */

/* Begin XCBuildConfiguration section */
		80341FFF1ACC7639004DCFFB /* Debug */ = {
			isa = XCBuildConfiguration;
			buildSettings = {
				ALWAYS_SEARCH_USER_PATHS = NO;
				CLANG_CXX_LANGUAGE_STANDARD = "gnu++0x";
				CLANG_CXX_LIBRARY = "libc++";
				CLANG_ENABLE_MODULES = YES;
				CLANG_ENABLE_OBJC_ARC = YES;
				CLANG_WARN_BOOL_CONVERSION = YES;
				CLANG_WARN_CONSTANT_CONVERSION = YES;
				CLANG_WARN_DIRECT_OBJC_ISA_USAGE = YES_ERROR;
				CLANG_WARN_EMPTY_BODY = YES;
				CLANG_WARN_ENUM_CONVERSION = YES;
				CLANG_WARN_INT_CONVERSION = YES;
				CLANG_WARN_OBJC_ROOT_CLASS = YES_ERROR;
				CLANG_WARN_UNREACHABLE_CODE = YES;
				CLANG_WARN__DUPLICATE_METHOD_MATCH = YES;
				COPY_PHASE_STRIP = NO;
				ENABLE_STRICT_OBJC_MSGSEND = YES;
				GCC_C_LANGUAGE_STANDARD = gnu99;
				GCC_DYNAMIC_NO_PIC = NO;
				GCC_OPTIMIZATION_LEVEL = 0;
				GCC_PREPROCESSOR_DEFINITIONS = (
					"DEBUG=1",
					"$(inherited)",
				);
				GCC_SYMBOLS_PRIVATE_EXTERN = NO;
				GCC_WARN_64_TO_32_BIT_CONVERSION = YES;
				GCC_WARN_ABOUT_RETURN_TYPE = YES_ERROR;
				GCC_WARN_UNDECLARED_SELECTOR = YES;
				GCC_WARN_UNINITIALIZED_AUTOS = YES_AGGRESSIVE;
				GCC_WARN_UNUSED_FUNCTION = YES;
				GCC_WARN_UNUSED_VARIABLE = YES;
				MACOSX_DEPLOYMENT_TARGET = 10.10;
				MTL_ENABLE_DEBUG_INFO = YES;
				ONLY_ACTIVE_ARCH = YES;
				SDKROOT = macosx;
			};
			name = Debug;
		};
		803420001ACC7639004DCFFB /* Release */ = {
			isa = XCBuildConfiguration;
			buildSettings = {
				ALWAYS_SEARCH_USER_PATHS = NO;
				CLANG_CXX_LANGUAGE_STANDARD = "gnu++0x";
				CLANG_CXX_LIBRARY = "libc++";
				CLANG_ENABLE_MODULES = YES;
				CLANG_ENABLE_OBJC_ARC = YES;
				CLANG_WARN_BOOL_CONVERSION = YES;
				CLANG_WARN_CONSTANT_CONVERSION = YES;
				CLANG_WARN_DIRECT_OBJC_ISA_USAGE = YES_ERROR;
				CLANG_WARN_EMPTY_BODY = YES;
				CLANG_WARN_ENUM_CONVERSION = YES;
				CLANG_WARN_INT_CONVERSION = YES;
				CLANG_WARN_OBJC_ROOT_CLASS = YES_ERROR;
				CLANG_WARN_UNREACHABLE_CODE = YES;
				CLANG_WARN__DUPLICATE_METHOD_MATCH = YES;
				COPY_PHASE_STRIP = YES;
				DEBUG_INFORMATION_FORMAT = "dwarf-with-dsym";
				ENABLE_NS_ASSERTIONS = NO;
				ENABLE_STRICT_OBJC_MSGSEND = YES;
				GCC_C_LANGUAGE_STANDARD = gnu99;
				GCC_WARN_64_TO_32_BIT_CONVERSION = YES;
				GCC_WARN_ABOUT_RETURN_TYPE = YES_ERROR;
				GCC_WARN_UNDECLARED_SELECTOR = YES;
				GCC_WARN_UNINITIALIZED_AUTOS = YES_AGGRESSIVE;
				GCC_WARN_UNUSED_FUNCTION = YES;
				GCC_WARN_UNUSED_VARIABLE = YES;
				MACOSX_DEPLOYMENT_TARGET = 10.10;
				MTL_ENABLE_DEBUG_INFO = NO;
				SDKROOT = macosx;
			};
			name = Release;
		};
		803420021ACC7639004DCFFB /* Debug */ = {
			isa = XCBuildConfiguration;
			buildSettings = {
				PRODUCT_NAME = "$(TARGET_NAME)";
			};
			name = Debug;
		};
		803420031ACC7639004DCFFB /* Release */ = {
			isa = XCBuildConfiguration;
			buildSettings = {
				PRODUCT_NAME = "$(TARGET_NAME)";
			};
			name = Release;
		};
/* End XCBuildConfiguration section */

/* Begin XCConfigurationList section */
		80341FF51ACC7639004DCFFB /* Build configuration list for PBXProject "OpenCLTutorial" */ = {
			isa = XCConfigurationList;
			buildConfigurations = (
				80341FFF1ACC7639004DCFFB /* Debug */,
				803420001ACC7639004DCFFB /* Release */,
			);
			defaultConfigurationIsVisible = 0;
			defaultConfigurationName = Release;
		};
		803420011ACC7639004DCFFB /* Build configuration list for PBXNativeTarget "OpenCLTutorial" */ = {
			isa = XCConfigurationList;
			buildConfigurations = (
				803420021ACC7639004DCFFB /* Debug */,
				803420031ACC7639004DCFFB /* Release */,
			);
			defaultConfigurationIsVisible = 0;
			defaultConfigurationName = Release;
		};
/* End XCConfigurationList section */
	};
	rootObject = 80341FF21ACC7639004DCFFB /* Project object */;
}
